{
    "name": "map",
    "version": "0.1.0",
    "lockfileVersion": 1,
    "requires": true,
    "dependencies": {
        "typescript": {
            "version": "4.2.0-dev.20210125",
            "resolved": "https://registry.npmjs.org/typescript/-/typescript-4.2.0-dev.20210125.tgz",
            "integrity": "sha512-SQFDH7UOlKuHGwhwcus8akkQ0VxT4y50OEUdh5oDvlE9ZBUr7nG3vjZLXPX+PHv7ZBnyb8h7BwdrNLkYHbnFqQ==",
            "dev": true
        }
    }
}
